# This file is automatically @generated by Cargo.
# It is not intended for manual editing.
version = 3

[[package]]
name = "elegant_test"
version = "0.1.0"

[[package]]
name = "enum_data_test"
version = "0.1.0"

[[package]]
name = "enum_test"
version = "0.1.0"

[[package]]
name = "fail_test"
version = "0.1.0"

[[package]]
name = "for_test"
version = "0.1.0"

[[package]]
name = "generic_test"
version = "0.1.0"

[[package]]
name = "loop_test"
version = "0.1.0"

[[package]]
name = "match_test"
version = "0.1.0"

[[package]]
name = "option_test"
version = "0.1.0"

[[package]]
name = "result_test"
version = "0.1.0"

[[package]]
name = "rust"
version = "0.1.0"

[[package]]
name = "test001"
version = "0.1.0"

[[package]]
name = "test003"
version = "0.1.0"

[[package]]
name = "test004"
version = "0.1.0"

[[package]]
name = "while_test"
version = "0.1.0"
