# This file is automatically @generated by Cargo.
# It is not intended for manual editing.
version = 3

[[package]]
name = "bingocard_vec"
version = "0.1.0"

[[package]]
name = "module_01"
version = "0.1.0"

[[package]]
name = "own002"
version = "0.1.0"

[[package]]
name = "own3"
version = "0.1.0"

[[package]]
name = "own4"
version = "0.1.0"

[[package]]
name = "own5"
version = "0.1.0"

[[package]]
name = "ownership_001"
version = "0.1.0"

[[package]]
name = "rust"
version = "0.1.0"

[[package]]
name = "vec001"
version = "0.1.0"
